
Microsoft Visual Studio Solution File, Format Version 12.00
# Visual Studio Version 17
VisualStudioVersion = 17.3.32901.215
MinimumVisualStudioVersion = 10.0.40219.1
Project("{FAE04EC0-301F-11D3-BF4B-00C04F79EFBC}") = "Algorithms.Theory", "Algorithms.Theory\Algorithms.Theory.csproj", "{C1062934-12CD-482E-86B4-355E70F9B574}"
EndProject
Project("{8BC9CEB8-8B4A-11D0-8D11-00A0C91BC942}") = "Algorithms.ProblemsC++", "Algorithms.ProblemsC++\Algorithms.ProblemsC++.vcxproj", "{2C64D19B-D3F2-44B4-BA07-C7D7965ADA14}"
EndProject
Project("{FAE04EC0-301F-11D3-BF4B-00C04F79EFBC}") = "Algorithms.ProblemsCSharp", "Algorithms.ProblemsCSharp\Algorithms.ProblemsCSharp.csproj", "{87126110-6B86-40E0-9F45-72E5DFAAFBBE}"
EndProject
Global
	GlobalSection(SolutionConfigurationPlatforms) = preSolution
		Debug|Any CPU = Debug|Any CPU
		Debug|x64 = Debug|x64
		Debug|x86 = Debug|x86
		Release|Any CPU = Release|Any CPU
		Release|x64 = Release|x64
		Release|x86 = Release|x86
	EndGlobalSection
	GlobalSection(ProjectConfigurationPlatforms) = postSolution
		{C1062934-12CD-482E-86B4-355E70F9B574}.Debug|Any CPU.ActiveCfg = Debug|Any CPU
		{C1062934-12CD-482E-86B4-355E70F9B574}.Debug|Any CPU.Build.0 = Debug|Any CPU
		{C1062934-12CD-482E-86B4-355E70F9B574}.Debug|x64.ActiveCfg = Debug|Any CPU
		{C1062934-12CD-482E-86B4-355E70F9B574}.Debug|x64.Build.0 = Debug|Any CPU
		{C1062934-12CD-482E-86B4-355E70F9B574}.Debug|x86.ActiveCfg = Debug|Any CPU
		{C1062934-12CD-482E-86B4-355E70F9B574}.Debug|x86.Build.0 = Debug|Any CPU
		{C1062934-12CD-482E-86B4-355E70F9B574}.Release|Any CPU.ActiveCfg = Release|Any CPU
		{C1062934-12CD-482E-86B4-355E70F9B574}.Release|Any CPU.Build.0 = Release|Any CPU
		{C1062934-12CD-482E-86B4-355E70F9B574}.Release|x64.ActiveCfg = Release|Any CPU
		{C1062934-12CD-482E-86B4-355E70F9B574}.Release|x64.Build.0 = Release|Any CPU
		{C1062934-12CD-482E-86B4-355E70F9B574}.Release|x86.ActiveCfg = Release|Any CPU
		{C1062934-12CD-482E-86B4-355E70F9B574}.Release|x86.Build.0 = Release|Any CPU
		{2C64D19B-D3F2-44B4-BA07-C7D7965ADA14}.Debug|Any CPU.ActiveCfg = Debug|x64
		{2C64D19B-D3F2-44B4-BA07-C7D7965ADA14}.Debug|Any CPU.Build.0 = Debug|x64
		{2C64D19B-D3F2-44B4-BA07-C7D7965ADA14}.Debug|x64.ActiveCfg = Debug|x64
		{2C64D19B-D3F2-44B4-BA07-C7D7965ADA14}.Debug|x64.Build.0 = Debug|x64
		{2C64D19B-D3F2-44B4-BA07-C7D7965ADA14}.Debug|x86.ActiveCfg = Debug|Win32
		{2C64D19B-D3F2-44B4-BA07-C7D7965ADA14}.Debug|x86.Build.0 = Debug|Win32
		{2C64D19B-D3F2-44B4-BA07-C7D7965ADA14}.Release|Any CPU.ActiveCfg = Release|x64
		{2C64D19B-D3F2-44B4-BA07-C7D7965ADA14}.Release|Any CPU.Build.0 = Release|x64
		{2C64D19B-D3F2-44B4-BA07-C7D7965ADA14}.Release|x64.ActiveCfg = Release|x64
		{2C64D19B-D3F2-44B4-BA07-C7D7965ADA14}.Release|x64.Build.0 = Release|x64
		{2C64D19B-D3F2-44B4-BA07-C7D7965ADA14}.Release|x86.ActiveCfg = Release|Win32
		{2C64D19B-D3F2-44B4-BA07-C7D7965ADA14}.Release|x86.Build.0 = Release|Win32
		{87126110-6B86-40E0-9F45-72E5DFAAFBBE}.Debug|Any CPU.ActiveCfg = Debug|Any CPU
		{87126110-6B86-40E0-9F45-72E5DFAAFBBE}.Debug|Any CPU.Build.0 = Debug|Any CPU
		{87126110-6B86-40E0-9F45-72E5DFAAFBBE}.Debug|x64.ActiveCfg = Debug|Any CPU
		{87126110-6B86-40E0-9F45-72E5DFAAFBBE}.Debug|x64.Build.0 = Debug|Any CPU
		{87126110-6B86-40E0-9F45-72E5DFAAFBBE}.Debug|x86.ActiveCfg = Debug|Any CPU
		{87126110-6B86-40E0-9F45-72E5DFAAFBBE}.Debug|x86.Build.0 = Debug|Any CPU
		{87126110-6B86-40E0-9F45-72E5DFAAFBBE}.Release|Any CPU.ActiveCfg = Release|Any CPU
		{87126110-6B86-40E0-9F45-72E5DFAAFBBE}.Release|Any CPU.Build.0 = Release|Any CPU
		{87126110-6B86-40E0-9F45-72E5DFAAFBBE}.Release|x64.ActiveCfg = Release|Any CPU
		{87126110-6B86-40E0-9F45-72E5DFAAFBBE}.Release|x64.Build.0 = Release|Any CPU
		{87126110-6B86-40E0-9F45-72E5DFAAFBBE}.Release|x86.ActiveCfg = Release|Any CPU
		{87126110-6B86-40E0-9F45-72E5DFAAFBBE}.Release|x86.Build.0 = Release|Any CPU
	EndGlobalSection
	GlobalSection(SolutionProperties) = preSolution
		HideSolutionNode = FALSE
	EndGlobalSection
	GlobalSection(ExtensibilityGlobals) = postSolution
		SolutionGuid = {88657579-5029-4FA1-828E-47A05C271E75}
	EndGlobalSection
EndGlobal
